
Microsoft Visual Studio Solution File, Format Version 12.00
# Visual Studio Version 16
VisualStudioVersion = 16.0.29509.3
MinimumVisualStudioVersion = 10.0.40219.1
Project("{FAE04EC0-301F-11D3-BF4B-00C04F79EFBC}") = "GUI_Optica_app_net_framework", "GUI_Optica_app_net_framework\GUI_Optica_app_net_framework.csproj", "{DCCBB48A-C2C6-47C1-8585-66BC3C3ABDB1}"
EndProject
Global
	GlobalSection(SolutionConfigurationPlatforms) = preSolution
		Debug|Any CPU = Debug|Any CPU
		Release|Any CPU = Release|Any CPU
	EndGlobalSection
	GlobalSection(ProjectConfigurationPlatforms) = postSolution
		{DCCBB48A-C2C6-47C1-8585-66BC3C3ABDB1}.Debug|Any CPU.ActiveCfg = Debug|Any CPU
		{DCCBB48A-C2C6-47C1-8585-66BC3C3ABDB1}.Debug|Any CPU.Build.0 = Debug|Any CPU
		{DCCBB48A-C2C6-47C1-8585-66BC3C3ABDB1}.Release|Any CPU.ActiveCfg = Release|Any CPU
		{DCCBB48A-C2C6-47C1-8585-66BC3C3ABDB1}.Release|Any CPU.Build.0 = Release|Any CPU
	EndGlobalSection
	GlobalSection(SolutionProperties) = preSolution
		HideSolutionNode = FALSE
	EndGlobalSection
	GlobalSection(ExtensibilityGlobals) = postSolution
		SolutionGuid = {3046290C-85AA-40B7-BE32-1F279E00A650}
	EndGlobalSection
EndGlobal
